
Microsoft Visual Studio Solution File, Format Version 12.00
Project("{2150E333-8FDC-42A3-9474-1A3956D46DE8}") = "010_090", "010_090", "{17531E6E-F6A8-474E-995D-BD9B0C3E0EDF}"
EndProject
Project("{FAE04EC0-301F-11D3-BF4B-00C04F79EFBC}") = "_010_Version", "_010_Version\_010_Version.csproj", "{7F804618-90F5-4B78-BBE6-D64971294F26}"
EndProject
Project("{FAE04EC0-301F-11D3-BF4B-00C04F79EFBC}") = "_020_PrimitiveDataTypes", "_020_PrimitiveDataTypes\_020_PrimitiveDataTypes.csproj", "{C97511A9-CDCF-48E6-AF30-C3BE81616E37}"
EndProject
Project("{FAE04EC0-301F-11D3-BF4B-00C04F79EFBC}") = "_030_String", "_030_String\_030_String.csproj", "{DADB2F70-47EC-4B5C-82DC-E52A6217B489}"
EndProject
Project("{FAE04EC0-301F-11D3-BF4B-00C04F79EFBC}") = "_040_Rechenoperatoren", "_040_Rechenoperatoren\_040_Rechenoperatoren.csproj", "{D95AFC49-C7C6-4D53-944A-D53126FE738E}"
EndProject
Project("{FAE04EC0-301F-11D3-BF4B-00C04F79EFBC}") = "_050_Zuweisungsoperatoren", "_050_Zuweisungsoperatoren\_050_Zuweisungsoperatoren.csproj", "{B717DC16-1905-413F-9864-945221DE91E1}"
EndProject
Project("{FAE04EC0-301F-11D3-BF4B-00C04F79EFBC}") = "_060_Vergleichsoperatoren", "_060_Vergleichsoperatoren\_060_Vergleichsoperatoren.csproj", "{6EC77D8D-0BDA-4112-846E-BC32AF539A31}"
EndProject
Project("{FAE04EC0-301F-11D3-BF4B-00C04F79EFBC}") = "_070_LogischeOperatoren", "_070_LogischeOperatoren\_070_LogischeOperatoren.csproj", "{D580058D-096D-45DD-A039-B0429F5A587D}"
EndProject
Project("{FAE04EC0-301F-11D3-BF4B-00C04F79EFBC}") = "_080_if", "_080_if\_080_if.csproj", "{92BEA035-893B-465E-B8FE-62509BD23804}"
EndProject
Project("{2150E333-8FDC-42A3-9474-1A3956D46DE8}") = "100_190", "100_190", "{138B2F44-8880-47AB-AA23-C82719658FA2}"
EndProject
Project("{FAE04EC0-301F-11D3-BF4B-00C04F79EFBC}") = "_100_Random", "_100_Random\_100_Random.csproj", "{4AF5E9B1-73A4-43BC-B534-E9F590B951F2}"
EndProject
Project("{FAE04EC0-301F-11D3-BF4B-00C04F79EFBC}") = "_120_WhileDoWhile", "_120_WhileDoWhile\_120_WhileDoWhile.csproj", "{DBC51998-0A1C-4F01-9F41-0EA7EFE5490C}"
EndProject
Project("{FAE04EC0-301F-11D3-BF4B-00C04F79EFBC}") = "_110_Runden", "_110_Runden\_110_Runden.csproj", "{8D209FC9-340C-49A9-B864-A89D5C82C095}"
EndProject
Project("{FAE04EC0-301F-11D3-BF4B-00C04F79EFBC}") = "_140_Array", "_140_Array\_140_Array.csproj", "{E53E369F-13CC-4EE0-BD1B-51151622D89B}"
EndProject
Project("{FAE04EC0-301F-11D3-BF4B-00C04F79EFBC}") = "_130_ForEnhancedFor", "_130_ForEnhancedFor\_130_ForEnhancedFor.csproj", "{A9EA4998-F5A6-4493-AF2F-2DC96270DED6}"
EndProject
Project("{FAE04EC0-301F-11D3-BF4B-00C04F79EFBC}") = "_150_BreakContinue", "_150_BreakContinue\_150_BreakContinue.csproj", "{9BDD642E-8350-4F2A-9CE8-FE19AA7D666A}"
EndProject
Project("{FAE04EC0-301F-11D3-BF4B-00C04F79EFBC}") = "_160_TypeCasting", "_160_TypeCasting\_160_TypeCasting.csproj", "{442B195F-403B-4C26-B167-AF81CEA3F533}"
EndProject
Project("{FAE04EC0-301F-11D3-BF4B-00C04F79EFBC}") = "_180_List", "_180_List\_180_List.csproj", "{755829BE-423F-4453-B777-5CC32119A5BB}"
EndProject
Project("{FAE04EC0-301F-11D3-BF4B-00C04F79EFBC}") = "_170_Methoden", "_170_Methoden\_170_Methoden.csproj", "{D31CD94E-4CD4-41FD-9490-A20469DDA912}"
EndProject
Project("{FAE04EC0-301F-11D3-BF4B-00C04F79EFBC}") = "_190_StringMethoden", "_190_StringMethoden\_190_StringMethoden.csproj", "{93CB0B47-5C8F-4F89-95C5-72AAE32D8840}"
EndProject
Project("{2150E333-8FDC-42A3-9474-1A3956D46DE8}") = "OOP", "OOP", "{159F96B4-1443-4BCF-B298-0027ADE1D797}"
EndProject
Project("{FAE04EC0-301F-11D3-BF4B-00C04F79EFBC}") = "_010_KlasseUndObjekt", "_010_KlasseUndObjekt\_010_KlasseUndObjekt.csproj", "{12D69FC7-BF65-40DA-A481-02A78404D113}"
EndProject
Project("{FAE04EC0-301F-11D3-BF4B-00C04F79EFBC}") = "_020_Standartwerte", "_020_Standartwerte\_020_Standartwerte.csproj", "{A232A5AC-4D88-47FC-984B-044CD861E28A}"
EndProject
Project("{FAE04EC0-301F-11D3-BF4B-00C04F79EFBC}") = "_030_ObjektMethoden", "_030_ObjektMethoden\_030_ObjektMethoden.csproj", "{DD14E715-0EA6-4C6A-A0AD-4C14F12752BF}"
EndProject
Project("{FAE04EC0-301F-11D3-BF4B-00C04F79EFBC}") = "_040_this", "_040_this\_040_this.csproj", "{B789ADD8-A1B1-49A4-A06A-E91DCD739018}"
EndProject
Project("{FAE04EC0-301F-11D3-BF4B-00C04F79EFBC}") = "_050_Konstruktor", "_050_Konstruktor\_050_Konstruktor.csproj", "{60F98A79-541A-468A-B477-BC224456BCA9}"
EndProject
Project("{FAE04EC0-301F-11D3-BF4B-00C04F79EFBC}") = "_060_KonstruktorUeberladung", "_060_KonstruktorUeberladung\_060_KonstruktorUeberladung.csproj", "{FA116DBC-C521-453D-83CD-8BD504FC1E8D}"
EndProject
Project("{FAE04EC0-301F-11D3-BF4B-00C04F79EFBC}") = "_070_Static", "_070_Static\_070_Static.csproj", "{827D342D-1D5F-4B24-8285-CB3566612EE5}"
EndProject
Project("{2150E333-8FDC-42A3-9474-1A3956D46DE8}") = "_090_Kapselung", "_090_Kapselung", "{7760E470-B02C-4084-80BD-FBEADD744666}"
EndProject
Project("{FAE04EC0-301F-11D3-BF4B-00C04F79EFBC}") = "ParentProject", "ParentProject\ParentProject.csproj", "{2CF9E246-F5EF-410E-87D4-6AF770331F54}"
EndProject
Project("{FAE04EC0-301F-11D3-BF4B-00C04F79EFBC}") = "ChildProject", "ChildProject\ChildProject.csproj", "{F8085BDA-082B-412D-A59A-BF2E40435658}"
EndProject
Project("{FAE04EC0-301F-11D3-BF4B-00C04F79EFBC}") = "_080_Vererbung", "_080_Vererbung\_080_Vererbung.csproj", "{A18CFF7B-5FED-4C81-9C3B-74963200543B}"
EndProject
Project("{FAE04EC0-301F-11D3-BF4B-00C04F79EFBC}") = "_100_Overwrite", "_100_Overwrite\_100_Overwrite.csproj", "{3B63BDBF-0ABB-4DB9-95B9-E2A08C6AC813}"
EndProject
Project("{FAE04EC0-301F-11D3-BF4B-00C04F79EFBC}") = "_130_base", "_130_base\_130_base.csproj", "{DB1EB7E3-16F0-4E18-9ABC-A51AC3829ABF}"
EndProject
Project("{FAE04EC0-301F-11D3-BF4B-00C04F79EFBC}") = "_120_Namespace", "_120_Namespace\_120_Namespace.csproj", "{A99B9F31-29E7-48F7-B49F-B79E788E744E}"
EndProject
Project("{FAE04EC0-301F-11D3-BF4B-00C04F79EFBC}") = "_110_MainMethode", "_110_MainMethode\_110_MainMethode.csproj", "{317EAB91-5F2D-464D-9992-AECCEF829546}"
EndProject
Project("{FAE04EC0-301F-11D3-BF4B-00C04F79EFBC}") = "_150_AbstractClass", "_150_AbstractClass\_150_AbstractClass.csproj", "{ADAA3A34-7CD0-4251-9E95-32518BA3C413}"
EndProject
Project("{2150E333-8FDC-42A3-9474-1A3956D46DE8}") = "_140_GetterUndSetter", "_140_GetterUndSetter", "{E6D1E3F6-ED7A-4218-94AA-386C5306B3DB}"
EndProject
Project("{FAE04EC0-301F-11D3-BF4B-00C04F79EFBC}") = "_010_GetterSetter", "_010_GetterSetter\_010_GetterSetter.csproj", "{53C31F9F-36DA-4C96-913B-3B85587C5BC9}"
EndProject
Project("{FAE04EC0-301F-11D3-BF4B-00C04F79EFBC}") = "_020_AutoProperties", "_020_AutoProperties\_020_AutoProperties.csproj", "{76C2DCC9-8CEF-459C-9F9E-AAAABF38F903}"
EndProject
Project("{FAE04EC0-301F-11D3-BF4B-00C04F79EFBC}") = "_030_Logic", "_030_Logic\_030_Logic.csproj", "{436DFB21-41A6-4C02-84A6-BCE844516242}"
EndProject
Project("{FAE04EC0-301F-11D3-BF4B-00C04F79EFBC}") = "_040_AccesModifier", "_040_AccesModifier\_040_AccesModifier.csproj", "{B4E756FD-1703-4FFD-BC1D-F1CCC69ED2D5}"
EndProject
Project("{FAE04EC0-301F-11D3-BF4B-00C04F79EFBC}") = "_170_Polymorphie", "_170_Polymorphie\_170_Polymorphie.csproj", "{24485A53-8721-47BF-9446-61B73EFD0D7C}"
EndProject
Project("{2150E333-8FDC-42A3-9474-1A3956D46DE8}") = "_010_090", "_010_090", "{89E2FEF4-E114-4F9B-B392-B0E3B3348114}"
EndProject
Project("{2150E333-8FDC-42A3-9474-1A3956D46DE8}") = "_100_190", "_100_190", "{5007AE02-F4CE-42A5-BCDA-DC3739CB7487}"
EndProject
Project("{2150E333-8FDC-42A3-9474-1A3956D46DE8}") = "_160_Interface", "_160_Interface", "{0710CED3-FD51-4A35-9BEC-CA7D199706C9}"
EndProject
Project("{FAE04EC0-301F-11D3-BF4B-00C04F79EFBC}") = "_010_EinfachesInterface", "_010_EinfachesInterface\_010_EinfachesInterface.csproj", "{32CD29E2-6B71-4AA8-BB82-45F1D2C6AB92}"
EndProject
Project("{FAE04EC0-301F-11D3-BF4B-00C04F79EFBC}") = "_020_MultipleInterfaces", "_020_MultipleInterfaces\_020_MultipleInterfaces.csproj", "{4E11B1C4-92EA-423E-9820-069EB7B678E4}"
EndProject
Project("{FAE04EC0-301F-11D3-BF4B-00C04F79EFBC}") = "_030_InterfacesOnInterface", "_030_InterfacesOnInterface\_030_InterfacesOnInterface.csproj", "{99C63488-C8D0-468F-937E-CEE3C2557639}"
EndProject
Project("{2150E333-8FDC-42A3-9474-1A3956D46DE8}") = "_00Aufgaben", "_00Aufgaben", "{6E4AD3AE-3239-49F1-A70E-5EF9ACC11583}"
EndProject
Project("{FAE04EC0-301F-11D3-BF4B-00C04F79EFBC}") = "_020_KlassenObjekt", "_020_KlassenObjekt\_020_KlassenObjekt.csproj", "{E8DFC21C-40CE-4DD8-BDF4-B178EB19FC53}"
EndProject
Project("{FAE04EC0-301F-11D3-BF4B-00C04F79EFBC}") = "_060_Konstruktorüberladung", "_060_Konstruktorüberladung\_060_Konstruktorüberladung.csproj", "{9820B385-E11D-41B4-8D93-06F22AFE694A}"
EndProject
Project("{FAE04EC0-301F-11D3-BF4B-00C04F79EFBC}") = "_070_StatischeKlasse", "_070_StatischeKlasse\_070_StatischeKlasse.csproj", "{3B4149E0-26BA-4DF3-ADA6-3CA9662C244D}"
EndProject
Project("{FAE04EC0-301F-11D3-BF4B-00C04F79EFBC}") = "Aufgabe_090_Vererbung", "Aufgabe_090_Vererbung\Aufgabe_090_Vererbung.csproj", "{D448191F-8475-465A-B477-5991A1194BB6}"
EndProject
Project("{2150E333-8FDC-42A3-9474-1A3956D46DE8}") = "_00Aufgaben", "_00Aufgaben", "{E0DBA2E9-CC15-4C04-8025-CEB1233DB1CC}"
EndProject
Project("{FAE04EC0-301F-11D3-BF4B-00C04F79EFBC}") = "Aufgabe_270_Gehaltsabrechnung", "Aufgabe_270_Gehaltsabrechnung\Aufgabe_270_Gehaltsabrechnung.csproj", "{CC177BBA-11E8-4BA0-9D3A-795CF1A6362D}"
EndProject
Project("{FAE04EC0-301F-11D3-BF4B-00C04F79EFBC}") = "Aufgabe_630_Fliegen", "Aufgabe_630_Fliegen\Aufgabe_630_Fliegen.csproj", "{4BF26C54-1D0A-465D-9CA3-FA1A6B02DAC9}"
EndProject
Project("{FAE04EC0-301F-11D3-BF4B-00C04F79EFBC}") = "Aufgabe_630_Stringhelper", "Aufgabe_630_Stringhelper\Aufgabe_630_Stringhelper.csproj", "{1F2F9D07-F955-4B36-9291-CB20437A9146}"
EndProject
Project("{FAE04EC0-301F-11D3-BF4B-00C04F79EFBC}") = "Aufgabe_730_WageOrder", "Aufgabe_730_WageOrder\Aufgabe_730_WageOrder.csproj", "{A490171D-10D5-42B7-9CFA-8DA3B311F626}"
EndProject
Project("{FAE04EC0-301F-11D3-BF4B-00C04F79EFBC}") = "Aufgabe_760_InterfaceInABox", "Aufgabe_760_InterfaceInABox\Aufgabe_760_InterfaceInABox.csproj", "{A985F810-6DFE-42F8-B3DB-B30A606E2E61}"
EndProject
Project("{FAE04EC0-301F-11D3-BF4B-00C04F79EFBC}") = "Aufgabe_780_Herden", "Aufgabe_780_Herden\Aufgabe_780_Herden.csproj", "{00A5E95E-15B1-47F8-8157-C9C7EF49692F}"
EndProject
Project("{FAE04EC0-301F-11D3-BF4B-00C04F79EFBC}") = "Aufgabe_910_OnlineShop", "Aufgabe_910_OnlineShop\Aufgabe_910_OnlineShop.csproj", "{F924ECD3-866A-4971-8E1B-EED47B7705F5}"
EndProject
Project("{FAE04EC0-301F-11D3-BF4B-00C04F79EFBC}") = "Aufgabe_790_SensorsAndTemparatures", "Aufgabe_790_SensorsAndTemparatures\Aufgabe_790_SensorsAndTemparatures.csproj", "{22E34663-E925-4B34-95D5-8755A2FF6334}"
EndProject
Project("{FAE04EC0-301F-11D3-BF4B-00C04F79EFBC}") = "_090_SwitchCase", "_090_SwitchCase\_090_SwitchCase.csproj", "{BD87F6F3-20B9-4515-9530-82D8158151A2}"
EndProject
Project("{FAE04EC0-301F-11D3-BF4B-00C04F79EFBC}") = "_085_TernaererOperator", "_085_TernaererOperator\_085_TernaererOperator.csproj", "{97F30DDA-E404-4E33-890C-4A38E1BEC5A0}"
EndProject
Global
	GlobalSection(SolutionConfigurationPlatforms) = preSolution
		Debug|Any CPU = Debug|Any CPU
		Release|Any CPU = Release|Any CPU
	EndGlobalSection
	GlobalSection(ProjectConfigurationPlatforms) = postSolution
		{7F804618-90F5-4B78-BBE6-D64971294F26}.Debug|Any CPU.ActiveCfg = Debug|Any CPU
		{7F804618-90F5-4B78-BBE6-D64971294F26}.Debug|Any CPU.Build.0 = Debug|Any CPU
		{7F804618-90F5-4B78-BBE6-D64971294F26}.Release|Any CPU.ActiveCfg = Release|Any CPU
		{7F804618-90F5-4B78-BBE6-D64971294F26}.Release|Any CPU.Build.0 = Release|Any CPU
		{C97511A9-CDCF-48E6-AF30-C3BE81616E37}.Debug|Any CPU.ActiveCfg = Debug|Any CPU
		{C97511A9-CDCF-48E6-AF30-C3BE81616E37}.Debug|Any CPU.Build.0 = Debug|Any CPU
		{C97511A9-CDCF-48E6-AF30-C3BE81616E37}.Release|Any CPU.ActiveCfg = Release|Any CPU
		{C97511A9-CDCF-48E6-AF30-C3BE81616E37}.Release|Any CPU.Build.0 = Release|Any CPU
		{DADB2F70-47EC-4B5C-82DC-E52A6217B489}.Debug|Any CPU.ActiveCfg = Debug|Any CPU
		{DADB2F70-47EC-4B5C-82DC-E52A6217B489}.Debug|Any CPU.Build.0 = Debug|Any CPU
		{DADB2F70-47EC-4B5C-82DC-E52A6217B489}.Release|Any CPU.ActiveCfg = Release|Any CPU
		{DADB2F70-47EC-4B5C-82DC-E52A6217B489}.Release|Any CPU.Build.0 = Release|Any CPU
		{D95AFC49-C7C6-4D53-944A-D53126FE738E}.Debug|Any CPU.ActiveCfg = Debug|Any CPU
		{D95AFC49-C7C6-4D53-944A-D53126FE738E}.Debug|Any CPU.Build.0 = Debug|Any CPU
		{D95AFC49-C7C6-4D53-944A-D53126FE738E}.Release|Any CPU.ActiveCfg = Release|Any CPU
		{D95AFC49-C7C6-4D53-944A-D53126FE738E}.Release|Any CPU.Build.0 = Release|Any CPU
		{B717DC16-1905-413F-9864-945221DE91E1}.Debug|Any CPU.ActiveCfg = Debug|Any CPU
		{B717DC16-1905-413F-9864-945221DE91E1}.Debug|Any CPU.Build.0 = Debug|Any CPU
		{B717DC16-1905-413F-9864-945221DE91E1}.Release|Any CPU.ActiveCfg = Release|Any CPU
		{B717DC16-1905-413F-9864-945221DE91E1}.Release|Any CPU.Build.0 = Release|Any CPU
		{6EC77D8D-0BDA-4112-846E-BC32AF539A31}.Debug|Any CPU.ActiveCfg = Debug|Any CPU
		{6EC77D8D-0BDA-4112-846E-BC32AF539A31}.Debug|Any CPU.Build.0 = Debug|Any CPU
		{6EC77D8D-0BDA-4112-846E-BC32AF539A31}.Release|Any CPU.ActiveCfg = Release|Any CPU
		{6EC77D8D-0BDA-4112-846E-BC32AF539A31}.Release|Any CPU.Build.0 = Release|Any CPU
		{D580058D-096D-45DD-A039-B0429F5A587D}.Debug|Any CPU.ActiveCfg = Debug|Any CPU
		{D580058D-096D-45DD-A039-B0429F5A587D}.Debug|Any CPU.Build.0 = Debug|Any CPU
		{D580058D-096D-45DD-A039-B0429F5A587D}.Release|Any CPU.ActiveCfg = Release|Any CPU
		{D580058D-096D-45DD-A039-B0429F5A587D}.Release|Any CPU.Build.0 = Release|Any CPU
		{92BEA035-893B-465E-B8FE-62509BD23804}.Debug|Any CPU.ActiveCfg = Debug|Any CPU
		{92BEA035-893B-465E-B8FE-62509BD23804}.Debug|Any CPU.Build.0 = Debug|Any CPU
		{92BEA035-893B-465E-B8FE-62509BD23804}.Release|Any CPU.ActiveCfg = Release|Any CPU
		{92BEA035-893B-465E-B8FE-62509BD23804}.Release|Any CPU.Build.0 = Release|Any CPU
		{4AF5E9B1-73A4-43BC-B534-E9F590B951F2}.Debug|Any CPU.ActiveCfg = Debug|Any CPU
		{4AF5E9B1-73A4-43BC-B534-E9F590B951F2}.Debug|Any CPU.Build.0 = Debug|Any CPU
		{4AF5E9B1-73A4-43BC-B534-E9F590B951F2}.Release|Any CPU.ActiveCfg = Release|Any CPU
		{4AF5E9B1-73A4-43BC-B534-E9F590B951F2}.Release|Any CPU.Build.0 = Release|Any CPU
		{DBC51998-0A1C-4F01-9F41-0EA7EFE5490C}.Debug|Any CPU.ActiveCfg = Debug|Any CPU
		{DBC51998-0A1C-4F01-9F41-0EA7EFE5490C}.Debug|Any CPU.Build.0 = Debug|Any CPU
		{DBC51998-0A1C-4F01-9F41-0EA7EFE5490C}.Release|Any CPU.ActiveCfg = Release|Any CPU
		{DBC51998-0A1C-4F01-9F41-0EA7EFE5490C}.Release|Any CPU.Build.0 = Release|Any CPU
		{8D209FC9-340C-49A9-B864-A89D5C82C095}.Debug|Any CPU.ActiveCfg = Debug|Any CPU
		{8D209FC9-340C-49A9-B864-A89D5C82C095}.Debug|Any CPU.Build.0 = Debug|Any CPU
		{8D209FC9-340C-49A9-B864-A89D5C82C095}.Release|Any CPU.ActiveCfg = Release|Any CPU
		{8D209FC9-340C-49A9-B864-A89D5C82C095}.Release|Any CPU.Build.0 = Release|Any CPU
		{E53E369F-13CC-4EE0-BD1B-51151622D89B}.Debug|Any CPU.ActiveCfg = Debug|Any CPU
		{E53E369F-13CC-4EE0-BD1B-51151622D89B}.Debug|Any CPU.Build.0 = Debug|Any CPU
		{E53E369F-13CC-4EE0-BD1B-51151622D89B}.Release|Any CPU.ActiveCfg = Release|Any CPU
		{E53E369F-13CC-4EE0-BD1B-51151622D89B}.Release|Any CPU.Build.0 = Release|Any CPU
		{A9EA4998-F5A6-4493-AF2F-2DC96270DED6}.Debug|Any CPU.ActiveCfg = Debug|Any CPU
		{A9EA4998-F5A6-4493-AF2F-2DC96270DED6}.Debug|Any CPU.Build.0 = Debug|Any CPU
		{A9EA4998-F5A6-4493-AF2F-2DC96270DED6}.Release|Any CPU.ActiveCfg = Release|Any CPU
		{A9EA4998-F5A6-4493-AF2F-2DC96270DED6}.Release|Any CPU.Build.0 = Release|Any CPU
		{9BDD642E-8350-4F2A-9CE8-FE19AA7D666A}.Debug|Any CPU.ActiveCfg = Debug|Any CPU
		{9BDD642E-8350-4F2A-9CE8-FE19AA7D666A}.Debug|Any CPU.Build.0 = Debug|Any CPU
		{9BDD642E-8350-4F2A-9CE8-FE19AA7D666A}.Release|Any CPU.ActiveCfg = Release|Any CPU
		{9BDD642E-8350-4F2A-9CE8-FE19AA7D666A}.Release|Any CPU.Build.0 = Release|Any CPU
		{442B195F-403B-4C26-B167-AF81CEA3F533}.Debug|Any CPU.ActiveCfg = Debug|Any CPU
		{442B195F-403B-4C26-B167-AF81CEA3F533}.Debug|Any CPU.Build.0 = Debug|Any CPU
		{442B195F-403B-4C26-B167-AF81CEA3F533}.Release|Any CPU.ActiveCfg = Release|Any CPU
		{442B195F-403B-4C26-B167-AF81CEA3F533}.Release|Any CPU.Build.0 = Release|Any CPU
		{755829BE-423F-4453-B777-5CC32119A5BB}.Debug|Any CPU.ActiveCfg = Debug|Any CPU
		{755829BE-423F-4453-B777-5CC32119A5BB}.Debug|Any CPU.Build.0 = Debug|Any CPU
		{755829BE-423F-4453-B777-5CC32119A5BB}.Release|Any CPU.ActiveCfg = Release|Any CPU
		{755829BE-423F-4453-B777-5CC32119A5BB}.Release|Any CPU.Build.0 = Release|Any CPU
		{D31CD94E-4CD4-41FD-9490-A20469DDA912}.Debug|Any CPU.ActiveCfg = Debug|Any CPU
		{D31CD94E-4CD4-41FD-9490-A20469DDA912}.Debug|Any CPU.Build.0 = Debug|Any CPU
		{D31CD94E-4CD4-41FD-9490-A20469DDA912}.Release|Any CPU.ActiveCfg = Release|Any CPU
		{D31CD94E-4CD4-41FD-9490-A20469DDA912}.Release|Any CPU.Build.0 = Release|Any CPU
		{93CB0B47-5C8F-4F89-95C5-72AAE32D8840}.Debug|Any CPU.ActiveCfg = Debug|Any CPU
		{93CB0B47-5C8F-4F89-95C5-72AAE32D8840}.Debug|Any CPU.Build.0 = Debug|Any CPU
		{93CB0B47-5C8F-4F89-95C5-72AAE32D8840}.Release|Any CPU.ActiveCfg = Release|Any CPU
		{93CB0B47-5C8F-4F89-95C5-72AAE32D8840}.Release|Any CPU.Build.0 = Release|Any CPU
		{12D69FC7-BF65-40DA-A481-02A78404D113}.Debug|Any CPU.ActiveCfg = Debug|Any CPU
		{12D69FC7-BF65-40DA-A481-02A78404D113}.Debug|Any CPU.Build.0 = Debug|Any CPU
		{12D69FC7-BF65-40DA-A481-02A78404D113}.Release|Any CPU.ActiveCfg = Release|Any CPU
		{12D69FC7-BF65-40DA-A481-02A78404D113}.Release|Any CPU.Build.0 = Release|Any CPU
		{A232A5AC-4D88-47FC-984B-044CD861E28A}.Debug|Any CPU.ActiveCfg = Debug|Any CPU
		{A232A5AC-4D88-47FC-984B-044CD861E28A}.Debug|Any CPU.Build.0 = Debug|Any CPU
		{A232A5AC-4D88-47FC-984B-044CD861E28A}.Release|Any CPU.ActiveCfg = Release|Any CPU
		{A232A5AC-4D88-47FC-984B-044CD861E28A}.Release|Any CPU.Build.0 = Release|Any CPU
		{DD14E715-0EA6-4C6A-A0AD-4C14F12752BF}.Debug|Any CPU.ActiveCfg = Debug|Any CPU
		{DD14E715-0EA6-4C6A-A0AD-4C14F12752BF}.Debug|Any CPU.Build.0 = Debug|Any CPU
		{DD14E715-0EA6-4C6A-A0AD-4C14F12752BF}.Release|Any CPU.ActiveCfg = Release|Any CPU
		{DD14E715-0EA6-4C6A-A0AD-4C14F12752BF}.Release|Any CPU.Build.0 = Release|Any CPU
		{B789ADD8-A1B1-49A4-A06A-E91DCD739018}.Debug|Any CPU.ActiveCfg = Debug|Any CPU
		{B789ADD8-A1B1-49A4-A06A-E91DCD739018}.Debug|Any CPU.Build.0 = Debug|Any CPU
		{B789ADD8-A1B1-49A4-A06A-E91DCD739018}.Release|Any CPU.ActiveCfg = Release|Any CPU
		{B789ADD8-A1B1-49A4-A06A-E91DCD739018}.Release|Any CPU.Build.0 = Release|Any CPU
		{60F98A79-541A-468A-B477-BC224456BCA9}.Debug|Any CPU.ActiveCfg = Debug|Any CPU
		{60F98A79-541A-468A-B477-BC224456BCA9}.Debug|Any CPU.Build.0 = Debug|Any CPU
		{60F98A79-541A-468A-B477-BC224456BCA9}.Release|Any CPU.ActiveCfg = Release|Any CPU
		{60F98A79-541A-468A-B477-BC224456BCA9}.Release|Any CPU.Build.0 = Release|Any CPU
		{FA116DBC-C521-453D-83CD-8BD504FC1E8D}.Debug|Any CPU.ActiveCfg = Debug|Any CPU
		{FA116DBC-C521-453D-83CD-8BD504FC1E8D}.Debug|Any CPU.Build.0 = Debug|Any CPU
		{FA116DBC-C521-453D-83CD-8BD504FC1E8D}.Release|Any CPU.ActiveCfg = Release|Any CPU
		{FA116DBC-C521-453D-83CD-8BD504FC1E8D}.Release|Any CPU.Build.0 = Release|Any CPU
		{827D342D-1D5F-4B24-8285-CB3566612EE5}.Debug|Any CPU.ActiveCfg = Debug|Any CPU
		{827D342D-1D5F-4B24-8285-CB3566612EE5}.Debug|Any CPU.Build.0 = Debug|Any CPU
		{827D342D-1D5F-4B24-8285-CB3566612EE5}.Release|Any CPU.ActiveCfg = Release|Any CPU
		{827D342D-1D5F-4B24-8285-CB3566612EE5}.Release|Any CPU.Build.0 = Release|Any CPU
		{2CF9E246-F5EF-410E-87D4-6AF770331F54}.Debug|Any CPU.ActiveCfg = Debug|Any CPU
		{2CF9E246-F5EF-410E-87D4-6AF770331F54}.Debug|Any CPU.Build.0 = Debug|Any CPU
		{2CF9E246-F5EF-410E-87D4-6AF770331F54}.Release|Any CPU.ActiveCfg = Release|Any CPU
		{2CF9E246-F5EF-410E-87D4-6AF770331F54}.Release|Any CPU.Build.0 = Release|Any CPU
		{F8085BDA-082B-412D-A59A-BF2E40435658}.Debug|Any CPU.ActiveCfg = Debug|Any CPU
		{F8085BDA-082B-412D-A59A-BF2E40435658}.Debug|Any CPU.Build.0 = Debug|Any CPU
		{F8085BDA-082B-412D-A59A-BF2E40435658}.Release|Any CPU.ActiveCfg = Release|Any CPU
		{F8085BDA-082B-412D-A59A-BF2E40435658}.Release|Any CPU.Build.0 = Release|Any CPU
		{A18CFF7B-5FED-4C81-9C3B-74963200543B}.Debug|Any CPU.ActiveCfg = Debug|Any CPU
		{A18CFF7B-5FED-4C81-9C3B-74963200543B}.Debug|Any CPU.Build.0 = Debug|Any CPU
		{A18CFF7B-5FED-4C81-9C3B-74963200543B}.Release|Any CPU.ActiveCfg = Release|Any CPU
		{A18CFF7B-5FED-4C81-9C3B-74963200543B}.Release|Any CPU.Build.0 = Release|Any CPU
		{3B63BDBF-0ABB-4DB9-95B9-E2A08C6AC813}.Debug|Any CPU.ActiveCfg = Debug|Any CPU
		{3B63BDBF-0ABB-4DB9-95B9-E2A08C6AC813}.Debug|Any CPU.Build.0 = Debug|Any CPU
		{3B63BDBF-0ABB-4DB9-95B9-E2A08C6AC813}.Release|Any CPU.ActiveCfg = Release|Any CPU
		{3B63BDBF-0ABB-4DB9-95B9-E2A08C6AC813}.Release|Any CPU.Build.0 = Release|Any CPU
		{DB1EB7E3-16F0-4E18-9ABC-A51AC3829ABF}.Debug|Any CPU.ActiveCfg = Debug|Any CPU
		{DB1EB7E3-16F0-4E18-9ABC-A51AC3829ABF}.Debug|Any CPU.Build.0 = Debug|Any CPU
		{DB1EB7E3-16F0-4E18-9ABC-A51AC3829ABF}.Release|Any CPU.ActiveCfg = Release|Any CPU
		{DB1EB7E3-16F0-4E18-9ABC-A51AC3829ABF}.Release|Any CPU.Build.0 = Release|Any CPU
		{A99B9F31-29E7-48F7-B49F-B79E788E744E}.Debug|Any CPU.ActiveCfg = Debug|Any CPU
		{A99B9F31-29E7-48F7-B49F-B79E788E744E}.Debug|Any CPU.Build.0 = Debug|Any CPU
		{A99B9F31-29E7-48F7-B49F-B79E788E744E}.Release|Any CPU.ActiveCfg = Release|Any CPU
		{A99B9F31-29E7-48F7-B49F-B79E788E744E}.Release|Any CPU.Build.0 = Release|Any CPU
		{317EAB91-5F2D-464D-9992-AECCEF829546}.Debug|Any CPU.ActiveCfg = Debug|Any CPU
		{317EAB91-5F2D-464D-9992-AECCEF829546}.Debug|Any CPU.Build.0 = Debug|Any CPU
		{317EAB91-5F2D-464D-9992-AECCEF829546}.Release|Any CPU.ActiveCfg = Release|Any CPU
		{317EAB91-5F2D-464D-9992-AECCEF829546}.Release|Any CPU.Build.0 = Release|Any CPU
		{ADAA3A34-7CD0-4251-9E95-32518BA3C413}.Debug|Any CPU.ActiveCfg = Debug|Any CPU
		{ADAA3A34-7CD0-4251-9E95-32518BA3C413}.Debug|Any CPU.Build.0 = Debug|Any CPU
		{ADAA3A34-7CD0-4251-9E95-32518BA3C413}.Release|Any CPU.ActiveCfg = Release|Any CPU
		{ADAA3A34-7CD0-4251-9E95-32518BA3C413}.Release|Any CPU.Build.0 = Release|Any CPU
		{53C31F9F-36DA-4C96-913B-3B85587C5BC9}.Debug|Any CPU.ActiveCfg = Debug|Any CPU
		{53C31F9F-36DA-4C96-913B-3B85587C5BC9}.Debug|Any CPU.Build.0 = Debug|Any CPU
		{53C31F9F-36DA-4C96-913B-3B85587C5BC9}.Release|Any CPU.ActiveCfg = Release|Any CPU
		{53C31F9F-36DA-4C96-913B-3B85587C5BC9}.Release|Any CPU.Build.0 = Release|Any CPU
		{76C2DCC9-8CEF-459C-9F9E-AAAABF38F903}.Debug|Any CPU.ActiveCfg = Debug|Any CPU
		{76C2DCC9-8CEF-459C-9F9E-AAAABF38F903}.Debug|Any CPU.Build.0 = Debug|Any CPU
		{76C2DCC9-8CEF-459C-9F9E-AAAABF38F903}.Release|Any CPU.ActiveCfg = Release|Any CPU
		{76C2DCC9-8CEF-459C-9F9E-AAAABF38F903}.Release|Any CPU.Build.0 = Release|Any CPU
		{436DFB21-41A6-4C02-84A6-BCE844516242}.Debug|Any CPU.ActiveCfg = Debug|Any CPU
		{436DFB21-41A6-4C02-84A6-BCE844516242}.Debug|Any CPU.Build.0 = Debug|Any CPU
		{436DFB21-41A6-4C02-84A6-BCE844516242}.Release|Any CPU.ActiveCfg = Release|Any CPU
		{436DFB21-41A6-4C02-84A6-BCE844516242}.Release|Any CPU.Build.0 = Release|Any CPU
		{B4E756FD-1703-4FFD-BC1D-F1CCC69ED2D5}.Debug|Any CPU.ActiveCfg = Debug|Any CPU
		{B4E756FD-1703-4FFD-BC1D-F1CCC69ED2D5}.Debug|Any CPU.Build.0 = Debug|Any CPU
		{B4E756FD-1703-4FFD-BC1D-F1CCC69ED2D5}.Release|Any CPU.ActiveCfg = Release|Any CPU
		{B4E756FD-1703-4FFD-BC1D-F1CCC69ED2D5}.Release|Any CPU.Build.0 = Release|Any CPU
		{24485A53-8721-47BF-9446-61B73EFD0D7C}.Debug|Any CPU.ActiveCfg = Debug|Any CPU
		{24485A53-8721-47BF-9446-61B73EFD0D7C}.Debug|Any CPU.Build.0 = Debug|Any CPU
		{24485A53-8721-47BF-9446-61B73EFD0D7C}.Release|Any CPU.ActiveCfg = Release|Any CPU
		{24485A53-8721-47BF-9446-61B73EFD0D7C}.Release|Any CPU.Build.0 = Release|Any CPU
		{32CD29E2-6B71-4AA8-BB82-45F1D2C6AB92}.Debug|Any CPU.ActiveCfg = Debug|Any CPU
		{32CD29E2-6B71-4AA8-BB82-45F1D2C6AB92}.Debug|Any CPU.Build.0 = Debug|Any CPU
		{32CD29E2-6B71-4AA8-BB82-45F1D2C6AB92}.Release|Any CPU.ActiveCfg = Release|Any CPU
		{32CD29E2-6B71-4AA8-BB82-45F1D2C6AB92}.Release|Any CPU.Build.0 = Release|Any CPU
		{4E11B1C4-92EA-423E-9820-069EB7B678E4}.Debug|Any CPU.ActiveCfg = Debug|Any CPU
		{4E11B1C4-92EA-423E-9820-069EB7B678E4}.Debug|Any CPU.Build.0 = Debug|Any CPU
		{4E11B1C4-92EA-423E-9820-069EB7B678E4}.Release|Any CPU.ActiveCfg = Release|Any CPU
		{4E11B1C4-92EA-423E-9820-069EB7B678E4}.Release|Any CPU.Build.0 = Release|Any CPU
		{99C63488-C8D0-468F-937E-CEE3C2557639}.Debug|Any CPU.ActiveCfg = Debug|Any CPU
		{99C63488-C8D0-468F-937E-CEE3C2557639}.Debug|Any CPU.Build.0 = Debug|Any CPU
		{99C63488-C8D0-468F-937E-CEE3C2557639}.Release|Any CPU.ActiveCfg = Release|Any CPU
		{99C63488-C8D0-468F-937E-CEE3C2557639}.Release|Any CPU.Build.0 = Release|Any CPU
		{E8DFC21C-40CE-4DD8-BDF4-B178EB19FC53}.Debug|Any CPU.ActiveCfg = Debug|Any CPU
		{E8DFC21C-40CE-4DD8-BDF4-B178EB19FC53}.Debug|Any CPU.Build.0 = Debug|Any CPU
		{E8DFC21C-40CE-4DD8-BDF4-B178EB19FC53}.Release|Any CPU.ActiveCfg = Release|Any CPU
		{E8DFC21C-40CE-4DD8-BDF4-B178EB19FC53}.Release|Any CPU.Build.0 = Release|Any CPU
		{9820B385-E11D-41B4-8D93-06F22AFE694A}.Debug|Any CPU.ActiveCfg = Debug|Any CPU
		{9820B385-E11D-41B4-8D93-06F22AFE694A}.Debug|Any CPU.Build.0 = Debug|Any CPU
		{9820B385-E11D-41B4-8D93-06F22AFE694A}.Release|Any CPU.ActiveCfg = Release|Any CPU
		{9820B385-E11D-41B4-8D93-06F22AFE694A}.Release|Any CPU.Build.0 = Release|Any CPU
		{3B4149E0-26BA-4DF3-ADA6-3CA9662C244D}.Debug|Any CPU.ActiveCfg = Debug|Any CPU
		{3B4149E0-26BA-4DF3-ADA6-3CA9662C244D}.Debug|Any CPU.Build.0 = Debug|Any CPU
		{3B4149E0-26BA-4DF3-ADA6-3CA9662C244D}.Release|Any CPU.ActiveCfg = Release|Any CPU
		{3B4149E0-26BA-4DF3-ADA6-3CA9662C244D}.Release|Any CPU.Build.0 = Release|Any CPU
		{D448191F-8475-465A-B477-5991A1194BB6}.Debug|Any CPU.ActiveCfg = Debug|Any CPU
		{D448191F-8475-465A-B477-5991A1194BB6}.Debug|Any CPU.Build.0 = Debug|Any CPU
		{D448191F-8475-465A-B477-5991A1194BB6}.Release|Any CPU.ActiveCfg = Release|Any CPU
		{D448191F-8475-465A-B477-5991A1194BB6}.Release|Any CPU.Build.0 = Release|Any CPU
		{CC177BBA-11E8-4BA0-9D3A-795CF1A6362D}.Debug|Any CPU.ActiveCfg = Debug|Any CPU
		{CC177BBA-11E8-4BA0-9D3A-795CF1A6362D}.Debug|Any CPU.Build.0 = Debug|Any CPU
		{CC177BBA-11E8-4BA0-9D3A-795CF1A6362D}.Release|Any CPU.ActiveCfg = Release|Any CPU
		{CC177BBA-11E8-4BA0-9D3A-795CF1A6362D}.Release|Any CPU.Build.0 = Release|Any CPU
		{4BF26C54-1D0A-465D-9CA3-FA1A6B02DAC9}.Debug|Any CPU.ActiveCfg = Debug|Any CPU
		{4BF26C54-1D0A-465D-9CA3-FA1A6B02DAC9}.Debug|Any CPU.Build.0 = Debug|Any CPU
		{4BF26C54-1D0A-465D-9CA3-FA1A6B02DAC9}.Release|Any CPU.ActiveCfg = Release|Any CPU
		{4BF26C54-1D0A-465D-9CA3-FA1A6B02DAC9}.Release|Any CPU.Build.0 = Release|Any CPU
		{1F2F9D07-F955-4B36-9291-CB20437A9146}.Debug|Any CPU.ActiveCfg = Debug|Any CPU
		{1F2F9D07-F955-4B36-9291-CB20437A9146}.Debug|Any CPU.Build.0 = Debug|Any CPU
		{1F2F9D07-F955-4B36-9291-CB20437A9146}.Release|Any CPU.ActiveCfg = Release|Any CPU
		{1F2F9D07-F955-4B36-9291-CB20437A9146}.Release|Any CPU.Build.0 = Release|Any CPU
		{A490171D-10D5-42B7-9CFA-8DA3B311F626}.Debug|Any CPU.ActiveCfg = Debug|Any CPU
		{A490171D-10D5-42B7-9CFA-8DA3B311F626}.Debug|Any CPU.Build.0 = Debug|Any CPU
		{A490171D-10D5-42B7-9CFA-8DA3B311F626}.Release|Any CPU.ActiveCfg = Release|Any CPU
		{A490171D-10D5-42B7-9CFA-8DA3B311F626}.Release|Any CPU.Build.0 = Release|Any CPU
		{A985F810-6DFE-42F8-B3DB-B30A606E2E61}.Debug|Any CPU.ActiveCfg = Debug|Any CPU
		{A985F810-6DFE-42F8-B3DB-B30A606E2E61}.Debug|Any CPU.Build.0 = Debug|Any CPU
		{A985F810-6DFE-42F8-B3DB-B30A606E2E61}.Release|Any CPU.ActiveCfg = Release|Any CPU
		{A985F810-6DFE-42F8-B3DB-B30A606E2E61}.Release|Any CPU.Build.0 = Release|Any CPU
		{00A5E95E-15B1-47F8-8157-C9C7EF49692F}.Debug|Any CPU.ActiveCfg = Debug|Any CPU
		{00A5E95E-15B1-47F8-8157-C9C7EF49692F}.Debug|Any CPU.Build.0 = Debug|Any CPU
		{00A5E95E-15B1-47F8-8157-C9C7EF49692F}.Release|Any CPU.ActiveCfg = Release|Any CPU
		{00A5E95E-15B1-47F8-8157-C9C7EF49692F}.Release|Any CPU.Build.0 = Release|Any CPU
		{F924ECD3-866A-4971-8E1B-EED47B7705F5}.Debug|Any CPU.ActiveCfg = Debug|Any CPU
		{F924ECD3-866A-4971-8E1B-EED47B7705F5}.Debug|Any CPU.Build.0 = Debug|Any CPU
		{F924ECD3-866A-4971-8E1B-EED47B7705F5}.Release|Any CPU.ActiveCfg = Release|Any CPU
		{F924ECD3-866A-4971-8E1B-EED47B7705F5}.Release|Any CPU.Build.0 = Release|Any CPU
		{22E34663-E925-4B34-95D5-8755A2FF6334}.Debug|Any CPU.ActiveCfg = Debug|Any CPU
		{22E34663-E925-4B34-95D5-8755A2FF6334}.Debug|Any CPU.Build.0 = Debug|Any CPU
		{22E34663-E925-4B34-95D5-8755A2FF6334}.Release|Any CPU.ActiveCfg = Release|Any CPU
		{22E34663-E925-4B34-95D5-8755A2FF6334}.Release|Any CPU.Build.0 = Release|Any CPU
		{BD87F6F3-20B9-4515-9530-82D8158151A2}.Debug|Any CPU.ActiveCfg = Debug|Any CPU
		{BD87F6F3-20B9-4515-9530-82D8158151A2}.Debug|Any CPU.Build.0 = Debug|Any CPU
		{BD87F6F3-20B9-4515-9530-82D8158151A2}.Release|Any CPU.ActiveCfg = Release|Any CPU
		{BD87F6F3-20B9-4515-9530-82D8158151A2}.Release|Any CPU.Build.0 = Release|Any CPU
		{97F30DDA-E404-4E33-890C-4A38E1BEC5A0}.Debug|Any CPU.ActiveCfg = Debug|Any CPU
		{97F30DDA-E404-4E33-890C-4A38E1BEC5A0}.Debug|Any CPU.Build.0 = Debug|Any CPU
		{97F30DDA-E404-4E33-890C-4A38E1BEC5A0}.Release|Any CPU.ActiveCfg = Release|Any CPU
		{97F30DDA-E404-4E33-890C-4A38E1BEC5A0}.Release|Any CPU.Build.0 = Release|Any CPU
	EndGlobalSection
	GlobalSection(NestedProjects) = preSolution
		{7F804618-90F5-4B78-BBE6-D64971294F26} = {17531E6E-F6A8-474E-995D-BD9B0C3E0EDF}
		{C97511A9-CDCF-48E6-AF30-C3BE81616E37} = {17531E6E-F6A8-474E-995D-BD9B0C3E0EDF}
		{DADB2F70-47EC-4B5C-82DC-E52A6217B489} = {17531E6E-F6A8-474E-995D-BD9B0C3E0EDF}
		{D95AFC49-C7C6-4D53-944A-D53126FE738E} = {17531E6E-F6A8-474E-995D-BD9B0C3E0EDF}
		{B717DC16-1905-413F-9864-945221DE91E1} = {17531E6E-F6A8-474E-995D-BD9B0C3E0EDF}
		{6EC77D8D-0BDA-4112-846E-BC32AF539A31} = {17531E6E-F6A8-474E-995D-BD9B0C3E0EDF}
		{D580058D-096D-45DD-A039-B0429F5A587D} = {17531E6E-F6A8-474E-995D-BD9B0C3E0EDF}
		{92BEA035-893B-465E-B8FE-62509BD23804} = {17531E6E-F6A8-474E-995D-BD9B0C3E0EDF}
		{4AF5E9B1-73A4-43BC-B534-E9F590B951F2} = {138B2F44-8880-47AB-AA23-C82719658FA2}
		{DBC51998-0A1C-4F01-9F41-0EA7EFE5490C} = {138B2F44-8880-47AB-AA23-C82719658FA2}
		{8D209FC9-340C-49A9-B864-A89D5C82C095} = {138B2F44-8880-47AB-AA23-C82719658FA2}
		{E53E369F-13CC-4EE0-BD1B-51151622D89B} = {138B2F44-8880-47AB-AA23-C82719658FA2}
		{A9EA4998-F5A6-4493-AF2F-2DC96270DED6} = {138B2F44-8880-47AB-AA23-C82719658FA2}
		{9BDD642E-8350-4F2A-9CE8-FE19AA7D666A} = {138B2F44-8880-47AB-AA23-C82719658FA2}
		{442B195F-403B-4C26-B167-AF81CEA3F533} = {138B2F44-8880-47AB-AA23-C82719658FA2}
		{755829BE-423F-4453-B777-5CC32119A5BB} = {138B2F44-8880-47AB-AA23-C82719658FA2}
		{D31CD94E-4CD4-41FD-9490-A20469DDA912} = {138B2F44-8880-47AB-AA23-C82719658FA2}
		{93CB0B47-5C8F-4F89-95C5-72AAE32D8840} = {138B2F44-8880-47AB-AA23-C82719658FA2}
		{2CF9E246-F5EF-410E-87D4-6AF770331F54} = {7760E470-B02C-4084-80BD-FBEADD744666}
		{F8085BDA-082B-412D-A59A-BF2E40435658} = {7760E470-B02C-4084-80BD-FBEADD744666}
		{53C31F9F-36DA-4C96-913B-3B85587C5BC9} = {E6D1E3F6-ED7A-4218-94AA-386C5306B3DB}
		{76C2DCC9-8CEF-459C-9F9E-AAAABF38F903} = {E6D1E3F6-ED7A-4218-94AA-386C5306B3DB}
		{436DFB21-41A6-4C02-84A6-BCE844516242} = {E6D1E3F6-ED7A-4218-94AA-386C5306B3DB}
		{B4E756FD-1703-4FFD-BC1D-F1CCC69ED2D5} = {E6D1E3F6-ED7A-4218-94AA-386C5306B3DB}
		{89E2FEF4-E114-4F9B-B392-B0E3B3348114} = {159F96B4-1443-4BCF-B298-0027ADE1D797}
		{7760E470-B02C-4084-80BD-FBEADD744666} = {89E2FEF4-E114-4F9B-B392-B0E3B3348114}
		{12D69FC7-BF65-40DA-A481-02A78404D113} = {89E2FEF4-E114-4F9B-B392-B0E3B3348114}
		{A232A5AC-4D88-47FC-984B-044CD861E28A} = {89E2FEF4-E114-4F9B-B392-B0E3B3348114}
		{DD14E715-0EA6-4C6A-A0AD-4C14F12752BF} = {89E2FEF4-E114-4F9B-B392-B0E3B3348114}
		{B789ADD8-A1B1-49A4-A06A-E91DCD739018} = {89E2FEF4-E114-4F9B-B392-B0E3B3348114}
		{60F98A79-541A-468A-B477-BC224456BCA9} = {89E2FEF4-E114-4F9B-B392-B0E3B3348114}
		{FA116DBC-C521-453D-83CD-8BD504FC1E8D} = {89E2FEF4-E114-4F9B-B392-B0E3B3348114}
		{827D342D-1D5F-4B24-8285-CB3566612EE5} = {89E2FEF4-E114-4F9B-B392-B0E3B3348114}
		{A18CFF7B-5FED-4C81-9C3B-74963200543B} = {89E2FEF4-E114-4F9B-B392-B0E3B3348114}
		{5007AE02-F4CE-42A5-BCDA-DC3739CB7487} = {159F96B4-1443-4BCF-B298-0027ADE1D797}
		{E6D1E3F6-ED7A-4218-94AA-386C5306B3DB} = {5007AE02-F4CE-42A5-BCDA-DC3739CB7487}
		{3B63BDBF-0ABB-4DB9-95B9-E2A08C6AC813} = {5007AE02-F4CE-42A5-BCDA-DC3739CB7487}
		{DB1EB7E3-16F0-4E18-9ABC-A51AC3829ABF} = {5007AE02-F4CE-42A5-BCDA-DC3739CB7487}
		{ADAA3A34-7CD0-4251-9E95-32518BA3C413} = {5007AE02-F4CE-42A5-BCDA-DC3739CB7487}
		{A99B9F31-29E7-48F7-B49F-B79E788E744E} = {5007AE02-F4CE-42A5-BCDA-DC3739CB7487}
		{317EAB91-5F2D-464D-9992-AECCEF829546} = {5007AE02-F4CE-42A5-BCDA-DC3739CB7487}
		{0710CED3-FD51-4A35-9BEC-CA7D199706C9} = {5007AE02-F4CE-42A5-BCDA-DC3739CB7487}
		{32CD29E2-6B71-4AA8-BB82-45F1D2C6AB92} = {0710CED3-FD51-4A35-9BEC-CA7D199706C9}
		{4E11B1C4-92EA-423E-9820-069EB7B678E4} = {0710CED3-FD51-4A35-9BEC-CA7D199706C9}
		{99C63488-C8D0-468F-937E-CEE3C2557639} = {0710CED3-FD51-4A35-9BEC-CA7D199706C9}
		{24485A53-8721-47BF-9446-61B73EFD0D7C} = {5007AE02-F4CE-42A5-BCDA-DC3739CB7487}
		{6E4AD3AE-3239-49F1-A70E-5EF9ACC11583} = {89E2FEF4-E114-4F9B-B392-B0E3B3348114}
		{E8DFC21C-40CE-4DD8-BDF4-B178EB19FC53} = {6E4AD3AE-3239-49F1-A70E-5EF9ACC11583}
		{9820B385-E11D-41B4-8D93-06F22AFE694A} = {6E4AD3AE-3239-49F1-A70E-5EF9ACC11583}
		{3B4149E0-26BA-4DF3-ADA6-3CA9662C244D} = {6E4AD3AE-3239-49F1-A70E-5EF9ACC11583}
		{D448191F-8475-465A-B477-5991A1194BB6} = {6E4AD3AE-3239-49F1-A70E-5EF9ACC11583}
		{E0DBA2E9-CC15-4C04-8025-CEB1233DB1CC} = {5007AE02-F4CE-42A5-BCDA-DC3739CB7487}
		{CC177BBA-11E8-4BA0-9D3A-795CF1A6362D} = {E0DBA2E9-CC15-4C04-8025-CEB1233DB1CC}
		{4BF26C54-1D0A-465D-9CA3-FA1A6B02DAC9} = {E0DBA2E9-CC15-4C04-8025-CEB1233DB1CC}
		{1F2F9D07-F955-4B36-9291-CB20437A9146} = {E0DBA2E9-CC15-4C04-8025-CEB1233DB1CC}
		{A490171D-10D5-42B7-9CFA-8DA3B311F626} = {E0DBA2E9-CC15-4C04-8025-CEB1233DB1CC}
		{A985F810-6DFE-42F8-B3DB-B30A606E2E61} = {E0DBA2E9-CC15-4C04-8025-CEB1233DB1CC}
		{00A5E95E-15B1-47F8-8157-C9C7EF49692F} = {E0DBA2E9-CC15-4C04-8025-CEB1233DB1CC}
		{F924ECD3-866A-4971-8E1B-EED47B7705F5} = {E0DBA2E9-CC15-4C04-8025-CEB1233DB1CC}
		{22E34663-E925-4B34-95D5-8755A2FF6334} = {E0DBA2E9-CC15-4C04-8025-CEB1233DB1CC}
		{BD87F6F3-20B9-4515-9530-82D8158151A2} = {17531E6E-F6A8-474E-995D-BD9B0C3E0EDF}
		{97F30DDA-E404-4E33-890C-4A38E1BEC5A0} = {17531E6E-F6A8-474E-995D-BD9B0C3E0EDF}
	EndGlobalSection
EndGlobal
